
Microsoft Visual Studio Solution File, Format Version 12.00
# Visual Studio Version 17
VisualStudioVersion = 17.0.32014.148
MinimumVisualStudioVersion = 10.0.40219.1
Project("{FAE04EC0-301F-11D3-BF4B-00C04F79EFBC}") = "WindowsFormsApp4", "WindowsFormsApp4\WindowsFormsApp4.csproj", "{3180AD87-A820-4282-836C-99819C3559E3}"
EndProject
Global
	GlobalSection(SolutionConfigurationPlatforms) = preSolution
		Debug|Any CPU = Debug|Any CPU
		Release|Any CPU = Release|Any CPU
	EndGlobalSection
	GlobalSection(ProjectConfigurationPlatforms) = postSolution
		{3180AD87-A820-4282-836C-99819C3559E3}.Debug|Any CPU.ActiveCfg = Debug|Any CPU
		{3180AD87-A820-4282-836C-99819C3559E3}.Debug|Any CPU.Build.0 = Debug|Any CPU
		{3180AD87-A820-4282-836C-99819C3559E3}.Release|Any CPU.ActiveCfg = Release|Any CPU
		{3180AD87-A820-4282-836C-99819C3559E3}.Release|Any CPU.Build.0 = Release|Any CPU
	EndGlobalSection
	GlobalSection(SolutionProperties) = preSolution
		HideSolutionNode = FALSE
	EndGlobalSection
	GlobalSection(ExtensibilityGlobals) = postSolution
		SolutionGuid = {734E2A7D-E7D4-4A3C-8EAC-0CA634AA43C6}
	EndGlobalSection
EndGlobal
